// !$*UTF8*$!
{
	archiveVersion = 1;
	classes = {
	};
	objectVersion = 51;
	objects = {

/* Begin PBXBuildFile section */
		080899378584F667A3185EF5 /* Pods_didikTests.framework in Frameworks */ = {isa = PBXBuildFile; fileRef = 068E351037CFA45BE193C4B3 /* Pods_didikTests.framework */; };
		0FEA6E76F419782DCC322574 /* Pods_didik.framework in Frameworks */ = {isa = PBXBuildFile; fileRef = E4A194F0898B34B628CC598B /* Pods_didik.framework */; };
		750ABE612558E9A9002075F0 /* MateriPreviewImageView.swift in Sources */ = {isa = PBXBuildFile; fileRef = 750ABE602558E9A9002075F0 /* MateriPreviewImageView.swift */; };
		750ABE66255941D6002075F0 /* MateriSayaView.swift in Sources */ = {isa = PBXBuildFile; fileRef = 750ABE65255941D6002075F0 /* MateriSayaView.swift */; };
		751C70882553BCFD0072C1B5 /* Constant.swift in Sources */ = {isa = PBXBuildFile; fileRef = 751C70872553BCFD0072C1B5 /* Constant.swift */; };
		75352C3F254B41EF0039EC2D /* Extension+Color.swift in Sources */ = {isa = PBXBuildFile; fileRef = 75352C3E254B41EF0039EC2D /* Extension+Color.swift */; };
		75352C4C254B44150039EC2D /* JelajahMateriView.swift in Sources */ = {isa = PBXBuildFile; fileRef = 75352C4B254B44150039EC2D /* JelajahMateriView.swift */; };
		75352C51254B4F840039EC2D /* CustomNavigationBarView.swift in Sources */ = {isa = PBXBuildFile; fileRef = 75352C50254B4F840039EC2D /* CustomNavigationBarView.swift */; };
		75352C56254C3C9A0039EC2D /* HomeView.swift in Sources */ = {isa = PBXBuildFile; fileRef = 75352C55254C3C9A0039EC2D /* HomeView.swift */; };
		75352C5B254C45070039EC2D /* LihatSemuaView.swift in Sources */ = {isa = PBXBuildFile; fileRef = 75352C5A254C45060039EC2D /* LihatSemuaView.swift */; };
		75352C60254D6E730039EC2D /* DummyView.swift in Sources */ = {isa = PBXBuildFile; fileRef = 75352C5F254D6E730039EC2D /* DummyView.swift */; };
		7552696A25516D2600D89FC5 /* SearchBarView.swift in Sources */ = {isa = PBXBuildFile; fileRef = 7552696925516D2600D89FC5 /* SearchBarView.swift */; };
		7556CBF32557DC50000539B0 /* MateriTableCellView.swift in Sources */ = {isa = PBXBuildFile; fileRef = 7556CBF22557DC50000539B0 /* MateriTableCellView.swift */; };
		755B2175254A806000B0A7E6 /* MateriPreviewView.swift in Sources */ = {isa = PBXBuildFile; fileRef = 755B2174254A806000B0A7E6 /* MateriPreviewView.swift */; };
		755B217A254A885100B0A7E6 /* Extension+View.swift in Sources */ = {isa = PBXBuildFile; fileRef = 755B2179254A885100B0A7E6 /* Extension+View.swift */; };
		755B217F254AA95500B0A7E6 /* MateriPreviewCollectionView.swift in Sources */ = {isa = PBXBuildFile; fileRef = 755B217E254AA95500B0A7E6 /* MateriPreviewCollectionView.swift */; };
		755B218C254B1DB000B0A7E6 /* TabBarView.swift in Sources */ = {isa = PBXBuildFile; fileRef = 755B218B254B1DB000B0A7E6 /* TabBarView.swift */; };
		758081DC2552676000E50787 /* DummyModel.swift in Sources */ = {isa = PBXBuildFile; fileRef = 758081DB2552676000E50787 /* DummyModel.swift */; };
		75BE5D242553F0BD00E8677E /* NavigationBarModifier.swift in Sources */ = {isa = PBXBuildFile; fileRef = 75BE5D232553F0BD00E8677E /* NavigationBarModifier.swift */; };
		75BE5D432554052C00E8677E /* UserButton.swift in Sources */ = {isa = PBXBuildFile; fileRef = 75BE5D422554052C00E8677E /* UserButton.swift */; };
		75BE5D482554140A00E8677E /* CustomDropDownMenu.swift in Sources */ = {isa = PBXBuildFile; fileRef = 75BE5D472554140A00E8677E /* CustomDropDownMenu.swift */; };
		7AF593AB5107C24ACEB32F7E /* Pods_didik_didikUITests.framework in Frameworks */ = {isa = PBXBuildFile; fileRef = ED113C53DD92EE14323DD71B /* Pods_didik_didikUITests.framework */; };
		B76514E22552AF560041D6A3 /* CreateProjectView.swift in Sources */ = {isa = PBXBuildFile; fileRef = B76514E12552AF560041D6A3 /* CreateProjectView.swift */; };
		B7AB621E2546AB1F007E4895 /* didikApp.swift in Sources */ = {isa = PBXBuildFile; fileRef = B7AB621D2546AB1F007E4895 /* didikApp.swift */; };
		B7AB62222546AB20007E4895 /* Assets.xcassets in Resources */ = {isa = PBXBuildFile; fileRef = B7AB62212546AB20007E4895 /* Assets.xcassets */; };
		B7AB62252546AB20007E4895 /* Preview Assets.xcassets in Resources */ = {isa = PBXBuildFile; fileRef = B7AB62242546AB20007E4895 /* Preview Assets.xcassets */; };
		B7AB62302546AB20007E4895 /* didikTests.swift in Sources */ = {isa = PBXBuildFile; fileRef = B7AB622F2546AB20007E4895 /* didikTests.swift */; };
		B7AB623B2546AB20007E4895 /* didikUITests.swift in Sources */ = {isa = PBXBuildFile; fileRef = B7AB623A2546AB20007E4895 /* didikUITests.swift */; };
		B7DF19D82550195B00953640 /* GoogleService-Info.plist in Resources */ = {isa = PBXBuildFile; fileRef = B7DF19D72550195B00953640 /* GoogleService-Info.plist */; };
		B7F9649625586B82004F33B3 /* DropdownSubject.swift in Sources */ = {isa = PBXBuildFile; fileRef = B7F9649525586B82004F33B3 /* DropdownSubject.swift */; };
		B7F974052554645E0059C650 /* Topics.swift in Sources */ = {isa = PBXBuildFile; fileRef = B7F974042554645E0059C650 /* Topics.swift */; };
		B7F9740A2554657E0059C650 /* Grades.swift in Sources */ = {isa = PBXBuildFile; fileRef = B7F974092554657E0059C650 /* Grades.swift */; };
		B7F97455255469710059C650 /* ProjectStatus.swift in Sources */ = {isa = PBXBuildFile; fileRef = B7F97454255469710059C650 /* ProjectStatus.swift */; };
		B7F9745A25546A1B0059C650 /* Projects.swift in Sources */ = {isa = PBXBuildFile; fileRef = B7F9745925546A1B0059C650 /* Projects.swift */; };
		B7F9745F2554762B0059C650 /* Subjects.swift in Sources */ = {isa = PBXBuildFile; fileRef = B7F9745E2554762B0059C650 /* Subjects.swift */; };
		B7F9746425547F920059C650 /* ProjectActivities.swift in Sources */ = {isa = PBXBuildFile; fileRef = B7F9746325547F920059C650 /* ProjectActivities.swift */; };
		B7F97469255480710059C650 /* Comments.swift in Sources */ = {isa = PBXBuildFile; fileRef = B7F97468255480710059C650 /* Comments.swift */; };
		BA3A772B255337DF00975121 /* UserData.swift in Sources */ = {isa = PBXBuildFile; fileRef = BA3A772A255337DF00975121 /* UserData.swift */; };
		BA3A773325534EA800975121 /* UserViewModel.swift in Sources */ = {isa = PBXBuildFile; fileRef = BA3A773225534EA800975121 /* UserViewModel.swift */; };
		BA4F58B6255718CE00C87028 /* UserProfileHeaderView.swift in Sources */ = {isa = PBXBuildFile; fileRef = BA4F58B5255718CE00C87028 /* UserProfileHeaderView.swift */; };
		BA8CF5D625511BCC0057B9B8 /* SignInWithAppleCoordinator.swift in Sources */ = {isa = PBXBuildFile; fileRef = BA8CF5D525511BCC0057B9B8 /* SignInWithAppleCoordinator.swift */; };
		BA90EB3C2552B18300C6DFFD /* AuthenticationUtil.swift in Sources */ = {isa = PBXBuildFile; fileRef = BA90EB3B2552B18300C6DFFD /* AuthenticationUtil.swift */; };
		BA94301A2550894900283FB3 /* SignInView.swift in Sources */ = {isa = PBXBuildFile; fileRef = BA9430192550894900283FB3 /* SignInView.swift */; };
		BA94301F25508AF600283FB3 /* SignInWithAppleButton.swift in Sources */ = {isa = PBXBuildFile; fileRef = BA94301E25508AF600283FB3 /* SignInWithAppleButton.swift */; };
		BADA073E25566E990055A21A /* ContentView.swift in Sources */ = {isa = PBXBuildFile; fileRef = BADA073D25566E990055A21A /* ContentView.swift */; };
		BAEC7313255527EF0069574F /* AuthState.swift in Sources */ = {isa = PBXBuildFile; fileRef = BAEC7312255527EF0069574F /* AuthState.swift */; };
		BAF3188C25554DDB00E188B8 /* UserProfileView.swift in Sources */ = {isa = PBXBuildFile; fileRef = BAF3188B25554DDB00E188B8 /* UserProfileView.swift */; };
/* End PBXBuildFile section */

/* Begin PBXContainerItemProxy section */
		B7AB622C2546AB20007E4895 /* PBXContainerItemProxy */ = {
			isa = PBXContainerItemProxy;
			containerPortal = B7AB62122546AB1F007E4895 /* Project object */;
			proxyType = 1;
			remoteGlobalIDString = B7AB62192546AB1F007E4895;
			remoteInfo = didik;
		};
		B7AB62372546AB20007E4895 /* PBXContainerItemProxy */ = {
			isa = PBXContainerItemProxy;
			containerPortal = B7AB62122546AB1F007E4895 /* Project object */;
			proxyType = 1;
			remoteGlobalIDString = B7AB62192546AB1F007E4895;
			remoteInfo = didik;
		};
/* End PBXContainerItemProxy section */

/* Begin PBXFileReference section */
		068E351037CFA45BE193C4B3 /* Pods_didikTests.framework */ = {isa = PBXFileReference; explicitFileType = wrapper.framework; includeInIndex = 0; path = Pods_didikTests.framework; sourceTree = BUILT_PRODUCTS_DIR; };
		14FB6C3ADA01BCDEAD79BB76 /* Pods-didik-didikUITests.debug.xcconfig */ = {isa = PBXFileReference; includeInIndex = 1; lastKnownFileType = text.xcconfig; name = "Pods-didik-didikUITests.debug.xcconfig"; path = "Target Support Files/Pods-didik-didikUITests/Pods-didik-didikUITests.debug.xcconfig"; sourceTree = "<group>"; };
		2A9D5B0B6D1A7EF26618429E /* Pods-didik.release.xcconfig */ = {isa = PBXFileReference; includeInIndex = 1; lastKnownFileType = text.xcconfig; name = "Pods-didik.release.xcconfig"; path = "Target Support Files/Pods-didik/Pods-didik.release.xcconfig"; sourceTree = "<group>"; };
		2BA93619EB3623EB4B968185 /* Pods-didik.debug.xcconfig */ = {isa = PBXFileReference; includeInIndex = 1; lastKnownFileType = text.xcconfig; name = "Pods-didik.debug.xcconfig"; path = "Target Support Files/Pods-didik/Pods-didik.debug.xcconfig"; sourceTree = "<group>"; };
		4E9867DA9E8F87E7128C4916 /* Pods-didikTests.debug.xcconfig */ = {isa = PBXFileReference; includeInIndex = 1; lastKnownFileType = text.xcconfig; name = "Pods-didikTests.debug.xcconfig"; path = "Target Support Files/Pods-didikTests/Pods-didikTests.debug.xcconfig"; sourceTree = "<group>"; };
		750ABE602558E9A9002075F0 /* MateriPreviewImageView.swift */ = {isa = PBXFileReference; lastKnownFileType = sourcecode.swift; path = MateriPreviewImageView.swift; sourceTree = "<group>"; };
		750ABE65255941D6002075F0 /* MateriSayaView.swift */ = {isa = PBXFileReference; lastKnownFileType = sourcecode.swift; path = MateriSayaView.swift; sourceTree = "<group>"; };
		751C70872553BCFD0072C1B5 /* Constant.swift */ = {isa = PBXFileReference; lastKnownFileType = sourcecode.swift; path = Constant.swift; sourceTree = "<group>"; };
		75352C3E254B41EF0039EC2D /* Extension+Color.swift */ = {isa = PBXFileReference; lastKnownFileType = sourcecode.swift; path = "Extension+Color.swift"; sourceTree = "<group>"; };
		75352C4B254B44150039EC2D /* JelajahMateriView.swift */ = {isa = PBXFileReference; lastKnownFileType = sourcecode.swift; path = JelajahMateriView.swift; sourceTree = "<group>"; };
		75352C50254B4F840039EC2D /* CustomNavigationBarView.swift */ = {isa = PBXFileReference; lastKnownFileType = sourcecode.swift; path = CustomNavigationBarView.swift; sourceTree = "<group>"; };
		75352C55254C3C9A0039EC2D /* HomeView.swift */ = {isa = PBXFileReference; lastKnownFileType = sourcecode.swift; path = HomeView.swift; sourceTree = "<group>"; };
		75352C5A254C45060039EC2D /* LihatSemuaView.swift */ = {isa = PBXFileReference; lastKnownFileType = sourcecode.swift; path = LihatSemuaView.swift; sourceTree = "<group>"; };
		75352C5F254D6E730039EC2D /* DummyView.swift */ = {isa = PBXFileReference; lastKnownFileType = sourcecode.swift; path = DummyView.swift; sourceTree = "<group>"; };
		7552696925516D2600D89FC5 /* SearchBarView.swift */ = {isa = PBXFileReference; lastKnownFileType = sourcecode.swift; path = SearchBarView.swift; sourceTree = "<group>"; };
		7556CBF22557DC50000539B0 /* MateriTableCellView.swift */ = {isa = PBXFileReference; lastKnownFileType = sourcecode.swift; path = MateriTableCellView.swift; sourceTree = "<group>"; };
		755B2174254A806000B0A7E6 /* MateriPreviewView.swift */ = {isa = PBXFileReference; lastKnownFileType = sourcecode.swift; path = MateriPreviewView.swift; sourceTree = "<group>"; };
		755B2179254A885100B0A7E6 /* Extension+View.swift */ = {isa = PBXFileReference; lastKnownFileType = sourcecode.swift; path = "Extension+View.swift"; sourceTree = "<group>"; };
		755B217E254AA95500B0A7E6 /* MateriPreviewCollectionView.swift */ = {isa = PBXFileReference; lastKnownFileType = sourcecode.swift; path = MateriPreviewCollectionView.swift; sourceTree = "<group>"; };
		755B218B254B1DB000B0A7E6 /* TabBarView.swift */ = {isa = PBXFileReference; lastKnownFileType = sourcecode.swift; path = TabBarView.swift; sourceTree = "<group>"; };
		758081DB2552676000E50787 /* DummyModel.swift */ = {isa = PBXFileReference; lastKnownFileType = sourcecode.swift; path = DummyModel.swift; sourceTree = "<group>"; };
		75BE5D232553F0BD00E8677E /* NavigationBarModifier.swift */ = {isa = PBXFileReference; lastKnownFileType = sourcecode.swift; path = NavigationBarModifier.swift; sourceTree = "<group>"; };
		75BE5D422554052C00E8677E /* UserButton.swift */ = {isa = PBXFileReference; lastKnownFileType = sourcecode.swift; path = UserButton.swift; sourceTree = "<group>"; };
		75BE5D472554140A00E8677E /* CustomDropDownMenu.swift */ = {isa = PBXFileReference; lastKnownFileType = sourcecode.swift; path = CustomDropDownMenu.swift; sourceTree = "<group>"; };
		7B046211C7322662323E9A65 /* Pods-didik-didikUITests.release.xcconfig */ = {isa = PBXFileReference; includeInIndex = 1; lastKnownFileType = text.xcconfig; name = "Pods-didik-didikUITests.release.xcconfig"; path = "Target Support Files/Pods-didik-didikUITests/Pods-didik-didikUITests.release.xcconfig"; sourceTree = "<group>"; };
		B02666D119B4C50E1D3F287C /* Pods-didikTests.release.xcconfig */ = {isa = PBXFileReference; includeInIndex = 1; lastKnownFileType = text.xcconfig; name = "Pods-didikTests.release.xcconfig"; path = "Target Support Files/Pods-didikTests/Pods-didikTests.release.xcconfig"; sourceTree = "<group>"; };
		B76514E12552AF560041D6A3 /* CreateProjectView.swift */ = {isa = PBXFileReference; lastKnownFileType = sourcecode.swift; path = CreateProjectView.swift; sourceTree = "<group>"; };
		B7AB621A2546AB1F007E4895 /* didik.app */ = {isa = PBXFileReference; explicitFileType = wrapper.application; includeInIndex = 0; path = didik.app; sourceTree = BUILT_PRODUCTS_DIR; };
		B7AB621D2546AB1F007E4895 /* didikApp.swift */ = {isa = PBXFileReference; lastKnownFileType = sourcecode.swift; path = didikApp.swift; sourceTree = "<group>"; };
		B7AB62212546AB20007E4895 /* Assets.xcassets */ = {isa = PBXFileReference; lastKnownFileType = folder.assetcatalog; path = Assets.xcassets; sourceTree = "<group>"; };
		B7AB62242546AB20007E4895 /* Preview Assets.xcassets */ = {isa = PBXFileReference; lastKnownFileType = folder.assetcatalog; path = "Preview Assets.xcassets"; sourceTree = "<group>"; };
		B7AB62262546AB20007E4895 /* Info.plist */ = {isa = PBXFileReference; lastKnownFileType = text.plist.xml; path = Info.plist; sourceTree = "<group>"; };
		B7AB622B2546AB20007E4895 /* didikTests.xctest */ = {isa = PBXFileReference; explicitFileType = wrapper.cfbundle; includeInIndex = 0; path = didikTests.xctest; sourceTree = BUILT_PRODUCTS_DIR; };
		B7AB622F2546AB20007E4895 /* didikTests.swift */ = {isa = PBXFileReference; lastKnownFileType = sourcecode.swift; path = didikTests.swift; sourceTree = "<group>"; };
		B7AB62312546AB20007E4895 /* Info.plist */ = {isa = PBXFileReference; lastKnownFileType = text.plist.xml; path = Info.plist; sourceTree = "<group>"; };
		B7AB62362546AB20007E4895 /* didikUITests.xctest */ = {isa = PBXFileReference; explicitFileType = wrapper.cfbundle; includeInIndex = 0; path = didikUITests.xctest; sourceTree = BUILT_PRODUCTS_DIR; };
		B7AB623A2546AB20007E4895 /* didikUITests.swift */ = {isa = PBXFileReference; lastKnownFileType = sourcecode.swift; path = didikUITests.swift; sourceTree = "<group>"; };
		B7AB623C2546AB20007E4895 /* Info.plist */ = {isa = PBXFileReference; lastKnownFileType = text.plist.xml; path = Info.plist; sourceTree = "<group>"; };
		B7DF19D72550195B00953640 /* GoogleService-Info.plist */ = {isa = PBXFileReference; fileEncoding = 4; lastKnownFileType = text.plist.xml; path = "GoogleService-Info.plist"; sourceTree = "<group>"; };
		B7F9649525586B82004F33B3 /* DropdownSubject.swift */ = {isa = PBXFileReference; lastKnownFileType = sourcecode.swift; path = DropdownSubject.swift; sourceTree = "<group>"; };
		B7F974042554645E0059C650 /* Topics.swift */ = {isa = PBXFileReference; lastKnownFileType = sourcecode.swift; path = Topics.swift; sourceTree = "<group>"; };
		B7F974092554657E0059C650 /* Grades.swift */ = {isa = PBXFileReference; lastKnownFileType = sourcecode.swift; path = Grades.swift; sourceTree = "<group>"; };
		B7F97454255469710059C650 /* ProjectStatus.swift */ = {isa = PBXFileReference; lastKnownFileType = sourcecode.swift; path = ProjectStatus.swift; sourceTree = "<group>"; };
		B7F9745925546A1B0059C650 /* Projects.swift */ = {isa = PBXFileReference; lastKnownFileType = sourcecode.swift; path = Projects.swift; sourceTree = "<group>"; };
		B7F9745E2554762B0059C650 /* Subjects.swift */ = {isa = PBXFileReference; lastKnownFileType = sourcecode.swift; path = Subjects.swift; sourceTree = "<group>"; };
		B7F9746325547F920059C650 /* ProjectActivities.swift */ = {isa = PBXFileReference; lastKnownFileType = sourcecode.swift; path = ProjectActivities.swift; sourceTree = "<group>"; };
		B7F97468255480710059C650 /* Comments.swift */ = {isa = PBXFileReference; lastKnownFileType = sourcecode.swift; path = Comments.swift; sourceTree = "<group>"; };
		BA3A772A255337DF00975121 /* UserData.swift */ = {isa = PBXFileReference; lastKnownFileType = sourcecode.swift; path = UserData.swift; sourceTree = "<group>"; };
		BA3A773225534EA800975121 /* UserViewModel.swift */ = {isa = PBXFileReference; lastKnownFileType = sourcecode.swift; path = UserViewModel.swift; sourceTree = "<group>"; };
		BA4F58B5255718CE00C87028 /* UserProfileHeaderView.swift */ = {isa = PBXFileReference; lastKnownFileType = sourcecode.swift; path = UserProfileHeaderView.swift; sourceTree = "<group>"; };
		BA8CF5D525511BCC0057B9B8 /* SignInWithAppleCoordinator.swift */ = {isa = PBXFileReference; lastKnownFileType = sourcecode.swift; path = SignInWithAppleCoordinator.swift; sourceTree = "<group>"; };
		BA90EB3B2552B18300C6DFFD /* AuthenticationUtil.swift */ = {isa = PBXFileReference; lastKnownFileType = sourcecode.swift; path = AuthenticationUtil.swift; sourceTree = "<group>"; };
		BA9430192550894900283FB3 /* SignInView.swift */ = {isa = PBXFileReference; lastKnownFileType = sourcecode.swift; path = SignInView.swift; sourceTree = "<group>"; };
		BA94301E25508AF600283FB3 /* SignInWithAppleButton.swift */ = {isa = PBXFileReference; lastKnownFileType = sourcecode.swift; path = SignInWithAppleButton.swift; sourceTree = "<group>"; };
		BA94302325508E5D00283FB3 /* didik.entitlements */ = {isa = PBXFileReference; lastKnownFileType = text.plist.entitlements; path = didik.entitlements; sourceTree = "<group>"; };
		BADA073D25566E990055A21A /* ContentView.swift */ = {isa = PBXFileReference; lastKnownFileType = sourcecode.swift; path = ContentView.swift; sourceTree = "<group>"; };
		BAEC7312255527EF0069574F /* AuthState.swift */ = {isa = PBXFileReference; fileEncoding = 4; lastKnownFileType = sourcecode.swift; path = AuthState.swift; sourceTree = "<group>"; };
		BAF3188B25554DDB00E188B8 /* UserProfileView.swift */ = {isa = PBXFileReference; fileEncoding = 4; lastKnownFileType = sourcecode.swift; path = UserProfileView.swift; sourceTree = "<group>"; };
		E4A194F0898B34B628CC598B /* Pods_didik.framework */ = {isa = PBXFileReference; explicitFileType = wrapper.framework; includeInIndex = 0; path = Pods_didik.framework; sourceTree = BUILT_PRODUCTS_DIR; };
		ED113C53DD92EE14323DD71B /* Pods_didik_didikUITests.framework */ = {isa = PBXFileReference; explicitFileType = wrapper.framework; includeInIndex = 0; path = Pods_didik_didikUITests.framework; sourceTree = BUILT_PRODUCTS_DIR; };
/* End PBXFileReference section */

/* Begin PBXFrameworksBuildPhase section */
		B7AB62172546AB1F007E4895 /* Frameworks */ = {
			isa = PBXFrameworksBuildPhase;
			buildActionMask = 2147483647;
			files = (
				0FEA6E76F419782DCC322574 /* Pods_didik.framework in Frameworks */,
			);
			runOnlyForDeploymentPostprocessing = 0;
		};
		B7AB62282546AB20007E4895 /* Frameworks */ = {
			isa = PBXFrameworksBuildPhase;
			buildActionMask = 2147483647;
			files = (
				080899378584F667A3185EF5 /* Pods_didikTests.framework in Frameworks */,
			);
			runOnlyForDeploymentPostprocessing = 0;
		};
		B7AB62332546AB20007E4895 /* Frameworks */ = {
			isa = PBXFrameworksBuildPhase;
			buildActionMask = 2147483647;
			files = (
				7AF593AB5107C24ACEB32F7E /* Pods_didik_didikUITests.framework in Frameworks */,
			);
			runOnlyForDeploymentPostprocessing = 0;
		};
/* End PBXFrameworksBuildPhase section */

/* Begin PBXGroup section */
		081EF93E6C69187E16D1208F /* Pods */ = {
			isa = PBXGroup;
			children = (
				2BA93619EB3623EB4B968185 /* Pods-didik.debug.xcconfig */,
				2A9D5B0B6D1A7EF26618429E /* Pods-didik.release.xcconfig */,
				14FB6C3ADA01BCDEAD79BB76 /* Pods-didik-didikUITests.debug.xcconfig */,
				7B046211C7322662323E9A65 /* Pods-didik-didikUITests.release.xcconfig */,
				4E9867DA9E8F87E7128C4916 /* Pods-didikTests.debug.xcconfig */,
				B02666D119B4C50E1D3F287C /* Pods-didikTests.release.xcconfig */,
			);
			path = Pods;
			sourceTree = "<group>";
		};
		92259CC2A08F07BF177DA7C2 /* Frameworks */ = {
			isa = PBXGroup;
			children = (
				E4A194F0898B34B628CC598B /* Pods_didik.framework */,
				ED113C53DD92EE14323DD71B /* Pods_didik_didikUITests.framework */,
				068E351037CFA45BE193C4B3 /* Pods_didikTests.framework */,
			);
			name = Frameworks;
			sourceTree = "<group>";
		};
		B7590EF5254C5F7600404167 /* View */ = {
			isa = PBXGroup;
			children = (
				BADA073D25566E990055A21A /* ContentView.swift */,
				75352C55254C3C9A0039EC2D /* HomeView.swift */,
				75352C5F254D6E730039EC2D /* DummyView.swift */,
				BAEC734D25552B670069574F /* Materi */,
				BA94300F2550885C00283FB3 /* SignIn */,
				B76514E02552AF150041D6A3 /* CreateProjectView */,
				BAF3188A25554D2C00E188B8 /* UserProfile */,
				BAEC734E25552BC70069574F /* NavigationAndTabBar */,
				BAEC7320255528AE0069574F /* Shared */,
			);
			path = View;
			sourceTree = "<group>";
		};
		B76514E02552AF150041D6A3 /* CreateProjectView */ = {
			isa = PBXGroup;
			children = (
				B76514E12552AF560041D6A3 /* CreateProjectView.swift */,
			);
			path = CreateProjectView;
			sourceTree = "<group>";
		};
		B7AB62112546AB1F007E4895 = {
			isa = PBXGroup;
			children = (
				B7AB621C2546AB1F007E4895 /* didik */,
				B7AB622E2546AB20007E4895 /* didikTests */,
				B7AB62392546AB20007E4895 /* didikUITests */,
				B7AB621B2546AB1F007E4895 /* Products */,
				081EF93E6C69187E16D1208F /* Pods */,
				92259CC2A08F07BF177DA7C2 /* Frameworks */,
			);
			sourceTree = "<group>";
		};
		B7AB621B2546AB1F007E4895 /* Products */ = {
			isa = PBXGroup;
			children = (
				B7AB621A2546AB1F007E4895 /* didik.app */,
				B7AB622B2546AB20007E4895 /* didikTests.xctest */,
				B7AB62362546AB20007E4895 /* didikUITests.xctest */,
			);
			name = Products;
			sourceTree = "<group>";
		};
		B7AB621C2546AB1F007E4895 /* didik */ = {
			isa = PBXGroup;
			children = (
				B7AB621D2546AB1F007E4895 /* didikApp.swift */,
				B7590EF5254C5F7600404167 /* View */,
				BA3A77292553378100975121 /* View Model */,
				BA3A77282553376600975121 /* Model */,
				BA8CF5D125511B9B0057B9B8 /* Services */,
				BA90EB382552B12100C6DFFD /* Utilities */,
				B7AB62212546AB20007E4895 /* Assets.xcassets */,
				B7AB62262546AB20007E4895 /* Info.plist */,
				B7DF19D72550195B00953640 /* GoogleService-Info.plist */,
				BA94302325508E5D00283FB3 /* didik.entitlements */,
				B7AB62232546AB20007E4895 /* Preview Content */,
			);
			path = didik;
			sourceTree = "<group>";
		};
		B7AB62232546AB20007E4895 /* Preview Content */ = {
			isa = PBXGroup;
			children = (
				B7AB62242546AB20007E4895 /* Preview Assets.xcassets */,
			);
			path = "Preview Content";
			sourceTree = "<group>";
		};
		B7AB622E2546AB20007E4895 /* didikTests */ = {
			isa = PBXGroup;
			children = (
				B7AB622F2546AB20007E4895 /* didikTests.swift */,
				B7AB62312546AB20007E4895 /* Info.plist */,
			);
			path = didikTests;
			sourceTree = "<group>";
		};
		B7AB62392546AB20007E4895 /* didikUITests */ = {
			isa = PBXGroup;
			children = (
				B7AB623A2546AB20007E4895 /* didikUITests.swift */,
				B7AB623C2546AB20007E4895 /* Info.plist */,
			);
			path = didikUITests;
			sourceTree = "<group>";
		};
		BA3A77282553376600975121 /* Model */ = {
			isa = PBXGroup;
			children = (
				BA3A772A255337DF00975121 /* UserData.swift */,
				B7F974042554645E0059C650 /* Topics.swift */,
				B7F9745E2554762B0059C650 /* Subjects.swift */,
				B7F974092554657E0059C650 /* Grades.swift */,
				B7F97454255469710059C650 /* ProjectStatus.swift */,
				B7F9745925546A1B0059C650 /* Projects.swift */,
				B7F9746325547F920059C650 /* ProjectActivities.swift */,
				B7F97468255480710059C650 /* Comments.swift */,
				BAEC7312255527EF0069574F /* AuthState.swift */,
				75BE5D232553F0BD00E8677E /* NavigationBarModifier.swift */,
				755B2179254A885100B0A7E6 /* Extension+View.swift */,
				75352C3E254B41EF0039EC2D /* Extension+Color.swift */,
				758081DB2552676000E50787 /* DummyModel.swift */,
			);
			path = Model;
			sourceTree = "<group>";
		};
		BA3A77292553378100975121 /* View Model */ = {
			isa = PBXGroup;
			children = (
				BA3A773225534EA800975121 /* UserViewModel.swift */,
			);
			path = "View Model";
			sourceTree = "<group>";
		};
		BA8CF5D125511B9B0057B9B8 /* Services */ = {
			isa = PBXGroup;
			children = (
				BA8CF5D525511BCC0057B9B8 /* SignInWithAppleCoordinator.swift */,
			);
			path = Services;
			sourceTree = "<group>";
		};
		BA90EB382552B12100C6DFFD /* Utilities */ = {
			isa = PBXGroup;
			children = (
				751C70872553BCFD0072C1B5 /* Constant.swift */,
				BA90EB3B2552B18300C6DFFD /* AuthenticationUtil.swift */,
			);
			path = Utilities;
			sourceTree = "<group>";
		};
		BA94300F2550885C00283FB3 /* SignIn */ = {
			isa = PBXGroup;
			children = (
				BA9430192550894900283FB3 /* SignInView.swift */,
				BA94301E25508AF600283FB3 /* SignInWithAppleButton.swift */,
			);
			name = SignIn;
			sourceTree = "<group>";
		};
		BAEC7320255528AE0069574F /* Shared */ = {
			isa = PBXGroup;
			children = (
				7552696925516D2600D89FC5 /* SearchBarView.swift */,
				75BE5D472554140A00E8677E /* CustomDropDownMenu.swift */,
				B7F9649525586B82004F33B3 /* DropdownSubject.swift */,
			);
			name = Shared;
			sourceTree = "<group>";
		};
		BAEC734D25552B670069574F /* Materi */ = {
			isa = PBXGroup;
			children = (
				75352C4B254B44150039EC2D /* JelajahMateriView.swift */,
				75352C5A254C45060039EC2D /* LihatSemuaView.swift */,
				755B217E254AA95500B0A7E6 /* MateriPreviewCollectionView.swift */,
				755B2174254A806000B0A7E6 /* MateriPreviewView.swift */,
				7556CBF22557DC50000539B0 /* MateriTableCellView.swift */,
				750ABE602558E9A9002075F0 /* MateriPreviewImageView.swift */,
				750ABE65255941D6002075F0 /* MateriSayaView.swift */,
			);
			name = Materi;
			sourceTree = "<group>";
		};
		BAEC734E25552BC70069574F /* NavigationAndTabBar */ = {
			isa = PBXGroup;
			children = (
				75352C50254B4F840039EC2D /* CustomNavigationBarView.swift */,
				755B218B254B1DB000B0A7E6 /* TabBarView.swift */,
			);
			name = NavigationAndTabBar;
			sourceTree = "<group>";
		};
		BAF3188A25554D2C00E188B8 /* UserProfile */ = {
			isa = PBXGroup;
			children = (
				75BE5D422554052C00E8677E /* UserButton.swift */,
				BAF3188B25554DDB00E188B8 /* UserProfileView.swift */,
				BA4F58B5255718CE00C87028 /* UserProfileHeaderView.swift */,
			);
			name = UserProfile;
			sourceTree = "<group>";
		};
/* End PBXGroup section */

/* Begin PBXNativeTarget section */
		B7AB62192546AB1F007E4895 /* didik */ = {
			isa = PBXNativeTarget;
			buildConfigurationList = B7AB623F2546AB20007E4895 /* Build configuration list for PBXNativeTarget "didik" */;
			buildPhases = (
				BB319B7FA4C9715FE586651D /* [CP] Check Pods Manifest.lock */,
				B7AB62162546AB1F007E4895 /* Sources */,
				B7AB62172546AB1F007E4895 /* Frameworks */,
				B7AB62182546AB1F007E4895 /* Resources */,
				31CAE099C3B45FC8338FFF76 /* [CP] Embed Pods Frameworks */,
			);
			buildRules = (
			);
			dependencies = (
			);
			name = didik;
			productName = didik;
			productReference = B7AB621A2546AB1F007E4895 /* didik.app */;
			productType = "com.apple.product-type.application";
		};
		B7AB622A2546AB20007E4895 /* didikTests */ = {
			isa = PBXNativeTarget;
			buildConfigurationList = B7AB62422546AB20007E4895 /* Build configuration list for PBXNativeTarget "didikTests" */;
			buildPhases = (
				8A5FEC6717D8C13752E0B9F4 /* [CP] Check Pods Manifest.lock */,
				B7AB62272546AB20007E4895 /* Sources */,
				B7AB62282546AB20007E4895 /* Frameworks */,
				B7AB62292546AB20007E4895 /* Resources */,
			);
			buildRules = (
			);
			dependencies = (
				B7AB622D2546AB20007E4895 /* PBXTargetDependency */,
			);
			name = didikTests;
			productName = didikTests;
			productReference = B7AB622B2546AB20007E4895 /* didikTests.xctest */;
			productType = "com.apple.product-type.bundle.unit-test";
		};
		B7AB62352546AB20007E4895 /* didikUITests */ = {
			isa = PBXNativeTarget;
			buildConfigurationList = B7AB62452546AB20007E4895 /* Build configuration list for PBXNativeTarget "didikUITests" */;
			buildPhases = (
				9CD0A60C7838063E256EE7DE /* [CP] Check Pods Manifest.lock */,
				B7AB62322546AB20007E4895 /* Sources */,
				B7AB62332546AB20007E4895 /* Frameworks */,
				B7AB62342546AB20007E4895 /* Resources */,
				61E6944F0F0A2C258A056565 /* [CP] Embed Pods Frameworks */,
			);
			buildRules = (
			);
			dependencies = (
				B7AB62382546AB20007E4895 /* PBXTargetDependency */,
			);
			name = didikUITests;
			productName = didikUITests;
			productReference = B7AB62362546AB20007E4895 /* didikUITests.xctest */;
			productType = "com.apple.product-type.bundle.ui-testing";
		};
/* End PBXNativeTarget section */

/* Begin PBXProject section */
		B7AB62122546AB1F007E4895 /* Project object */ = {
			isa = PBXProject;
			attributes = {
				LastSwiftUpdateCheck = 1200;
				LastUpgradeCheck = 1200;
				TargetAttributes = {
					B7AB62192546AB1F007E4895 = {
						CreatedOnToolsVersion = 12.0.1;
					};
					B7AB622A2546AB20007E4895 = {
						CreatedOnToolsVersion = 12.0.1;
						TestTargetID = B7AB62192546AB1F007E4895;
					};
					B7AB62352546AB20007E4895 = {
						CreatedOnToolsVersion = 12.0.1;
						TestTargetID = B7AB62192546AB1F007E4895;
					};
				};
			};
			buildConfigurationList = B7AB62152546AB1F007E4895 /* Build configuration list for PBXProject "didik" */;
			compatibilityVersion = "Xcode 9.3";
			developmentRegion = en;
			hasScannedForEncodings = 0;
			knownRegions = (
				en,
				Base,
			);
			mainGroup = B7AB62112546AB1F007E4895;
			productRefGroup = B7AB621B2546AB1F007E4895 /* Products */;
			projectDirPath = "";
			projectRoot = "";
			targets = (
				B7AB62192546AB1F007E4895 /* didik */,
				B7AB622A2546AB20007E4895 /* didikTests */,
				B7AB62352546AB20007E4895 /* didikUITests */,
			);
		};
/* End PBXProject section */

/* Begin PBXResourcesBuildPhase section */
		B7AB62182546AB1F007E4895 /* Resources */ = {
			isa = PBXResourcesBuildPhase;
			buildActionMask = 2147483647;
			files = (
				B7AB62252546AB20007E4895 /* Preview Assets.xcassets in Resources */,
				B7AB62222546AB20007E4895 /* Assets.xcassets in Resources */,
				B7DF19D82550195B00953640 /* GoogleService-Info.plist in Resources */,
			);
			runOnlyForDeploymentPostprocessing = 0;
		};
		B7AB62292546AB20007E4895 /* Resources */ = {
			isa = PBXResourcesBuildPhase;
			buildActionMask = 2147483647;
			files = (
			);
			runOnlyForDeploymentPostprocessing = 0;
		};
		B7AB62342546AB20007E4895 /* Resources */ = {
			isa = PBXResourcesBuildPhase;
			buildActionMask = 2147483647;
			files = (
			);
			runOnlyForDeploymentPostprocessing = 0;
		};
/* End PBXResourcesBuildPhase section */

/* Begin PBXShellScriptBuildPhase section */
		31CAE099C3B45FC8338FFF76 /* [CP] Embed Pods Frameworks */ = {
			isa = PBXShellScriptBuildPhase;
			buildActionMask = 2147483647;
			files = (
			);
			inputFileListPaths = (
				"${PODS_ROOT}/Target Support Files/Pods-didik/Pods-didik-frameworks-${CONFIGURATION}-input-files.xcfilelist",
			);
			name = "[CP] Embed Pods Frameworks";
			outputFileListPaths = (
				"${PODS_ROOT}/Target Support Files/Pods-didik/Pods-didik-frameworks-${CONFIGURATION}-output-files.xcfilelist",
			);
			runOnlyForDeploymentPostprocessing = 0;
			shellPath = /bin/sh;
			shellScript = "\"${PODS_ROOT}/Target Support Files/Pods-didik/Pods-didik-frameworks.sh\"\n";
			showEnvVarsInLog = 0;
		};
		61E6944F0F0A2C258A056565 /* [CP] Embed Pods Frameworks */ = {
			isa = PBXShellScriptBuildPhase;
			buildActionMask = 2147483647;
			files = (
			);
			inputFileListPaths = (
				"${PODS_ROOT}/Target Support Files/Pods-didik-didikUITests/Pods-didik-didikUITests-frameworks-${CONFIGURATION}-input-files.xcfilelist",
			);
			name = "[CP] Embed Pods Frameworks";
			outputFileListPaths = (
				"${PODS_ROOT}/Target Support Files/Pods-didik-didikUITests/Pods-didik-didikUITests-frameworks-${CONFIGURATION}-output-files.xcfilelist",
			);
			runOnlyForDeploymentPostprocessing = 0;
			shellPath = /bin/sh;
			shellScript = "\"${PODS_ROOT}/Target Support Files/Pods-didik-didikUITests/Pods-didik-didikUITests-frameworks.sh\"\n";
			showEnvVarsInLog = 0;
		};
		8A5FEC6717D8C13752E0B9F4 /* [CP] Check Pods Manifest.lock */ = {
			isa = PBXShellScriptBuildPhase;
			buildActionMask = 2147483647;
			files = (
			);
			inputFileListPaths = (
			);
			inputPaths = (
				"${PODS_PODFILE_DIR_PATH}/Podfile.lock",
				"${PODS_ROOT}/Manifest.lock",
			);
			name = "[CP] Check Pods Manifest.lock";
			outputFileListPaths = (
			);
			outputPaths = (
				"$(DERIVED_FILE_DIR)/Pods-didikTests-checkManifestLockResult.txt",
			);
			runOnlyForDeploymentPostprocessing = 0;
			shellPath = /bin/sh;
			shellScript = "diff \"${PODS_PODFILE_DIR_PATH}/Podfile.lock\" \"${PODS_ROOT}/Manifest.lock\" > /dev/null\nif [ $? != 0 ] ; then\n    # print error to STDERR\n    echo \"error: The sandbox is not in sync with the Podfile.lock. Run 'pod install' or update your CocoaPods installation.\" >&2\n    exit 1\nfi\n# This output is used by Xcode 'outputs' to avoid re-running this script phase.\necho \"SUCCESS\" > \"${SCRIPT_OUTPUT_FILE_0}\"\n";
			showEnvVarsInLog = 0;
		};
		9CD0A60C7838063E256EE7DE /* [CP] Check Pods Manifest.lock */ = {
			isa = PBXShellScriptBuildPhase;
			buildActionMask = 2147483647;
			files = (
			);
			inputFileListPaths = (
			);
			inputPaths = (
				"${PODS_PODFILE_DIR_PATH}/Podfile.lock",
				"${PODS_ROOT}/Manifest.lock",
			);
			name = "[CP] Check Pods Manifest.lock";
			outputFileListPaths = (
			);
			outputPaths = (
				"$(DERIVED_FILE_DIR)/Pods-didik-didikUITests-checkManifestLockResult.txt",
			);
			runOnlyForDeploymentPostprocessing = 0;
			shellPath = /bin/sh;
			shellScript = "diff \"${PODS_PODFILE_DIR_PATH}/Podfile.lock\" \"${PODS_ROOT}/Manifest.lock\" > /dev/null\nif [ $? != 0 ] ; then\n    # print error to STDERR\n    echo \"error: The sandbox is not in sync with the Podfile.lock. Run 'pod install' or update your CocoaPods installation.\" >&2\n    exit 1\nfi\n# This output is used by Xcode 'outputs' to avoid re-running this script phase.\necho \"SUCCESS\" > \"${SCRIPT_OUTPUT_FILE_0}\"\n";
			showEnvVarsInLog = 0;
		};
		BB319B7FA4C9715FE586651D /* [CP] Check Pods Manifest.lock */ = {
			isa = PBXShellScriptBuildPhase;
			buildActionMask = 2147483647;
			files = (
			);
			inputFileListPaths = (
			);
			inputPaths = (
				"${PODS_PODFILE_DIR_PATH}/Podfile.lock",
				"${PODS_ROOT}/Manifest.lock",
			);
			name = "[CP] Check Pods Manifest.lock";
			outputFileListPaths = (
			);
			outputPaths = (
				"$(DERIVED_FILE_DIR)/Pods-didik-checkManifestLockResult.txt",
			);
			runOnlyForDeploymentPostprocessing = 0;
			shellPath = /bin/sh;
			shellScript = "diff \"${PODS_PODFILE_DIR_PATH}/Podfile.lock\" \"${PODS_ROOT}/Manifest.lock\" > /dev/null\nif [ $? != 0 ] ; then\n    # print error to STDERR\n    echo \"error: The sandbox is not in sync with the Podfile.lock. Run 'pod install' or update your CocoaPods installation.\" >&2\n    exit 1\nfi\n# This output is used by Xcode 'outputs' to avoid re-running this script phase.\necho \"SUCCESS\" > \"${SCRIPT_OUTPUT_FILE_0}\"\n";
			showEnvVarsInLog = 0;
		};
/* End PBXShellScriptBuildPhase section */

/* Begin PBXSourcesBuildPhase section */
		B7AB62162546AB1F007E4895 /* Sources */ = {
			isa = PBXSourcesBuildPhase;
			buildActionMask = 2147483647;
			files = (
				BA8CF5D625511BCC0057B9B8 /* SignInWithAppleCoordinator.swift in Sources */,
				BAF3188C25554DDB00E188B8 /* UserProfileView.swift in Sources */,
				BA3A773325534EA800975121 /* UserViewModel.swift in Sources */,
				B76514E22552AF560041D6A3 /* CreateProjectView.swift in Sources */,
				B7F97455255469710059C650 /* ProjectStatus.swift in Sources */,
				75352C60254D6E730039EC2D /* DummyView.swift in Sources */,
				751C70882553BCFD0072C1B5 /* Constant.swift in Sources */,
				75BE5D432554052C00E8677E /* UserButton.swift in Sources */,
				750ABE66255941D6002075F0 /* MateriSayaView.swift in Sources */,
				755B217F254AA95500B0A7E6 /* MateriPreviewCollectionView.swift in Sources */,
				75352C3F254B41EF0039EC2D /* Extension+Color.swift in Sources */,
				BAEC7313255527EF0069574F /* AuthState.swift in Sources */,
				750ABE612558E9A9002075F0 /* MateriPreviewImageView.swift in Sources */,
				75352C56254C3C9A0039EC2D /* HomeView.swift in Sources */,
				755B2175254A806000B0A7E6 /* MateriPreviewView.swift in Sources */,
				755B217A254A885100B0A7E6 /* Extension+View.swift in Sources */,
				755B218C254B1DB000B0A7E6 /* TabBarView.swift in Sources */,
				BA4F58B6255718CE00C87028 /* UserProfileHeaderView.swift in Sources */,
				758081DC2552676000E50787 /* DummyModel.swift in Sources */,
				75BE5D242553F0BD00E8677E /* NavigationBarModifier.swift in Sources */,
				7556CBF32557DC50000539B0 /* MateriTableCellView.swift in Sources */,
				75BE5D482554140A00E8677E /* CustomDropDownMenu.swift in Sources */,
				75352C5B254C45070039EC2D /* LihatSemuaView.swift in Sources */,
				7552696A25516D2600D89FC5 /* SearchBarView.swift in Sources */,
				75352C4C254B44150039EC2D /* JelajahMateriView.swift in Sources */,
				BA94301A2550894900283FB3 /* SignInView.swift in Sources */,
				BADA073E25566E990055A21A /* ContentView.swift in Sources */,
				BA3A772B255337DF00975121 /* UserData.swift in Sources */,
				BA90EB3C2552B18300C6DFFD /* AuthenticationUtil.swift in Sources */,
				B7F9740A2554657E0059C650 /* Grades.swift in Sources */,
				B7F97469255480710059C650 /* Comments.swift in Sources */,
				B7F974052554645E0059C650 /* Topics.swift in Sources */,
				B7F9649625586B82004F33B3 /* DropdownSubject.swift in Sources */,
				B7F9745F2554762B0059C650 /* Subjects.swift in Sources */,
				B7F9745A25546A1B0059C650 /* Projects.swift in Sources */,
				BA94301F25508AF600283FB3 /* SignInWithAppleButton.swift in Sources */,
				B7F9746425547F920059C650 /* ProjectActivities.swift in Sources */,
				B7AB621E2546AB1F007E4895 /* didikApp.swift in Sources */,
				75352C51254B4F840039EC2D /* CustomNavigationBarView.swift in Sources */,
			);
			runOnlyForDeploymentPostprocessing = 0;
		};
		B7AB62272546AB20007E4895 /* Sources */ = {
			isa = PBXSourcesBuildPhase;
			buildActionMask = 2147483647;
			files = (
				B7AB62302546AB20007E4895 /* didikTests.swift in Sources */,
			);
			runOnlyForDeploymentPostprocessing = 0;
		};
		B7AB62322546AB20007E4895 /* Sources */ = {
			isa = PBXSourcesBuildPhase;
			buildActionMask = 2147483647;
			files = (
				B7AB623B2546AB20007E4895 /* didikUITests.swift in Sources */,
			);
			runOnlyForDeploymentPostprocessing = 0;
		};
/* End PBXSourcesBuildPhase section */

/* Begin PBXTargetDependency section */
		B7AB622D2546AB20007E4895 /* PBXTargetDependency */ = {
			isa = PBXTargetDependency;
			target = B7AB62192546AB1F007E4895 /* didik */;
			targetProxy = B7AB622C2546AB20007E4895 /* PBXContainerItemProxy */;
		};
		B7AB62382546AB20007E4895 /* PBXTargetDependency */ = {
			isa = PBXTargetDependency;
			target = B7AB62192546AB1F007E4895 /* didik */;
			targetProxy = B7AB62372546AB20007E4895 /* PBXContainerItemProxy */;
		};
/* End PBXTargetDependency section */

/* Begin XCBuildConfiguration section */
		B7AB623D2546AB20007E4895 /* Debug */ = {
			isa = XCBuildConfiguration;
			buildSettings = {
				ALWAYS_SEARCH_USER_PATHS = NO;
				CLANG_ANALYZER_NONNULL = YES;
				CLANG_ANALYZER_NUMBER_OBJECT_CONVERSION = YES_AGGRESSIVE;
				CLANG_CXX_LANGUAGE_STANDARD = "gnu++14";
				CLANG_CXX_LIBRARY = "libc++";
				CLANG_ENABLE_MODULES = YES;
				CLANG_ENABLE_OBJC_ARC = YES;
				CLANG_ENABLE_OBJC_WEAK = YES;
				CLANG_WARN_BLOCK_CAPTURE_AUTORELEASING = YES;
				CLANG_WARN_BOOL_CONVERSION = YES;
				CLANG_WARN_COMMA = YES;
				CLANG_WARN_CONSTANT_CONVERSION = YES;
				CLANG_WARN_DEPRECATED_OBJC_IMPLEMENTATIONS = YES;
				CLANG_WARN_DIRECT_OBJC_ISA_USAGE = YES_ERROR;
				CLANG_WARN_DOCUMENTATION_COMMENTS = YES;
				CLANG_WARN_EMPTY_BODY = YES;
				CLANG_WARN_ENUM_CONVERSION = YES;
				CLANG_WARN_INFINITE_RECURSION = YES;
				CLANG_WARN_INT_CONVERSION = YES;
				CLANG_WARN_NON_LITERAL_NULL_CONVERSION = YES;
				CLANG_WARN_OBJC_IMPLICIT_RETAIN_SELF = YES;
				CLANG_WARN_OBJC_LITERAL_CONVERSION = YES;
				CLANG_WARN_OBJC_ROOT_CLASS = YES_ERROR;
				CLANG_WARN_QUOTED_INCLUDE_IN_FRAMEWORK_HEADER = YES;
				CLANG_WARN_RANGE_LOOP_ANALYSIS = YES;
				CLANG_WARN_STRICT_PROTOTYPES = YES;
				CLANG_WARN_SUSPICIOUS_MOVE = YES;
				CLANG_WARN_UNGUARDED_AVAILABILITY = YES_AGGRESSIVE;
				CLANG_WARN_UNREACHABLE_CODE = YES;
				CLANG_WARN__DUPLICATE_METHOD_MATCH = YES;
				COPY_PHASE_STRIP = NO;
				DEBUG_INFORMATION_FORMAT = dwarf;
				ENABLE_STRICT_OBJC_MSGSEND = YES;
				ENABLE_TESTABILITY = YES;
				GCC_C_LANGUAGE_STANDARD = gnu11;
				GCC_DYNAMIC_NO_PIC = NO;
				GCC_NO_COMMON_BLOCKS = YES;
				GCC_OPTIMIZATION_LEVEL = 0;
				GCC_PREPROCESSOR_DEFINITIONS = (
					"DEBUG=1",
					"$(inherited)",
				);
				GCC_WARN_64_TO_32_BIT_CONVERSION = YES;
				GCC_WARN_ABOUT_RETURN_TYPE = YES_ERROR;
				GCC_WARN_UNDECLARED_SELECTOR = YES;
				GCC_WARN_UNINITIALIZED_AUTOS = YES_AGGRESSIVE;
				GCC_WARN_UNUSED_FUNCTION = YES;
				GCC_WARN_UNUSED_VARIABLE = YES;
				IPHONEOS_DEPLOYMENT_TARGET = 14.0;
				MTL_ENABLE_DEBUG_INFO = INCLUDE_SOURCE;
				MTL_FAST_MATH = YES;
				ONLY_ACTIVE_ARCH = YES;
				SDKROOT = iphoneos;
				SWIFT_ACTIVE_COMPILATION_CONDITIONS = DEBUG;
				SWIFT_OPTIMIZATION_LEVEL = "-Onone";
			};
			name = Debug;
		};
		B7AB623E2546AB20007E4895 /* Release */ = {
			isa = XCBuildConfiguration;
			buildSettings = {
				ALWAYS_SEARCH_USER_PATHS = NO;
				CLANG_ANALYZER_NONNULL = YES;
				CLANG_ANALYZER_NUMBER_OBJECT_CONVERSION = YES_AGGRESSIVE;
				CLANG_CXX_LANGUAGE_STANDARD = "gnu++14";
				CLANG_CXX_LIBRARY = "libc++";
				CLANG_ENABLE_MODULES = YES;
				CLANG_ENABLE_OBJC_ARC = YES;
				CLANG_ENABLE_OBJC_WEAK = YES;
				CLANG_WARN_BLOCK_CAPTURE_AUTORELEASING = YES;
				CLANG_WARN_BOOL_CONVERSION = YES;
				CLANG_WARN_COMMA = YES;
				CLANG_WARN_CONSTANT_CONVERSION = YES;
				CLANG_WARN_DEPRECATED_OBJC_IMPLEMENTATIONS = YES;
				CLANG_WARN_DIRECT_OBJC_ISA_USAGE = YES_ERROR;
				CLANG_WARN_DOCUMENTATION_COMMENTS = YES;
				CLANG_WARN_EMPTY_BODY = YES;
				CLANG_WARN_ENUM_CONVERSION = YES;
				CLANG_WARN_INFINITE_RECURSION = YES;
				CLANG_WARN_INT_CONVERSION = YES;
				CLANG_WARN_NON_LITERAL_NULL_CONVERSION = YES;
				CLANG_WARN_OBJC_IMPLICIT_RETAIN_SELF = YES;
				CLANG_WARN_OBJC_LITERAL_CONVERSION = YES;
				CLANG_WARN_OBJC_ROOT_CLASS = YES_ERROR;
				CLANG_WARN_QUOTED_INCLUDE_IN_FRAMEWORK_HEADER = YES;
				CLANG_WARN_RANGE_LOOP_ANALYSIS = YES;
				CLANG_WARN_STRICT_PROTOTYPES = YES;
				CLANG_WARN_SUSPICIOUS_MOVE = YES;
				CLANG_WARN_UNGUARDED_AVAILABILITY = YES_AGGRESSIVE;
				CLANG_WARN_UNREACHABLE_CODE = YES;
				CLANG_WARN__DUPLICATE_METHOD_MATCH = YES;
				COPY_PHASE_STRIP = NO;
				DEBUG_INFORMATION_FORMAT = "dwarf-with-dsym";
				ENABLE_NS_ASSERTIONS = NO;
				ENABLE_STRICT_OBJC_MSGSEND = YES;
				GCC_C_LANGUAGE_STANDARD = gnu11;
				GCC_NO_COMMON_BLOCKS = YES;
				GCC_WARN_64_TO_32_BIT_CONVERSION = YES;
				GCC_WARN_ABOUT_RETURN_TYPE = YES_ERROR;
				GCC_WARN_UNDECLARED_SELECTOR = YES;
				GCC_WARN_UNINITIALIZED_AUTOS = YES_AGGRESSIVE;
				GCC_WARN_UNUSED_FUNCTION = YES;
				GCC_WARN_UNUSED_VARIABLE = YES;
				IPHONEOS_DEPLOYMENT_TARGET = 14.0;
				MTL_ENABLE_DEBUG_INFO = NO;
				MTL_FAST_MATH = YES;
				SDKROOT = iphoneos;
				SWIFT_COMPILATION_MODE = wholemodule;
				SWIFT_OPTIMIZATION_LEVEL = "-O";
				VALIDATE_PRODUCT = YES;
			};
			name = Release;
		};
		B7AB62402546AB20007E4895 /* Debug */ = {
			isa = XCBuildConfiguration;
			baseConfigurationReference = 2BA93619EB3623EB4B968185 /* Pods-didik.debug.xcconfig */;
			buildSettings = {
				ASSETCATALOG_COMPILER_APPICON_NAME = AppIcon;
				ASSETCATALOG_COMPILER_GLOBAL_ACCENT_COLOR_NAME = AccentColor;
				CODE_SIGN_ENTITLEMENTS = didik/didik.entitlements;
				CODE_SIGN_STYLE = Automatic;
				DEVELOPMENT_ASSET_PATHS = "\"didik/Preview Content\"";
				DEVELOPMENT_TEAM = JPMPS53HUZ;
				ENABLE_PREVIEWS = YES;
				INFOPLIST_FILE = didik/Info.plist;
				IPHONEOS_DEPLOYMENT_TARGET = 14.0;
				LD_RUNPATH_SEARCH_PATHS = (
					"$(inherited)",
					"@executable_path/Frameworks",
				);
				PRODUCT_BUNDLE_IDENTIFIER = "com.developeracademy.didik-fandri";
				PRODUCT_NAME = "$(TARGET_NAME)";
				SWIFT_VERSION = 5.0;
				TARGETED_DEVICE_FAMILY = "1,2";
			};
			name = Debug;
		};
		B7AB62412546AB20007E4895 /* Release */ = {
			isa = XCBuildConfiguration;
			baseConfigurationReference = 2A9D5B0B6D1A7EF26618429E /* Pods-didik.release.xcconfig */;
			buildSettings = {
				ASSETCATALOG_COMPILER_APPICON_NAME = AppIcon;
				ASSETCATALOG_COMPILER_GLOBAL_ACCENT_COLOR_NAME = AccentColor;
				CODE_SIGN_ENTITLEMENTS = didik/didik.entitlements;
				CODE_SIGN_STYLE = Automatic;
				DEVELOPMENT_ASSET_PATHS = "\"didik/Preview Content\"";
				DEVELOPMENT_TEAM = JPMPS53HUZ;
				ENABLE_PREVIEWS = YES;
				INFOPLIST_FILE = didik/Info.plist;
				IPHONEOS_DEPLOYMENT_TARGET = 14.0;
				LD_RUNPATH_SEARCH_PATHS = (
					"$(inherited)",
					"@executable_path/Frameworks",
				);
				PRODUCT_BUNDLE_IDENTIFIER = "com.developeracademy.didik-fandri";
				PRODUCT_NAME = "$(TARGET_NAME)";
				SWIFT_VERSION = 5.0;
				TARGETED_DEVICE_FAMILY = "1,2";
			};
			name = Release;
		};
		B7AB62432546AB20007E4895 /* Debug */ = {
			isa = XCBuildConfiguration;
			baseConfigurationReference = 4E9867DA9E8F87E7128C4916 /* Pods-didikTests.debug.xcconfig */;
			buildSettings = {
				ALWAYS_EMBED_SWIFT_STANDARD_LIBRARIES = YES;
				BUNDLE_LOADER = "$(TEST_HOST)";
				CODE_SIGN_STYLE = Automatic;
				DEVELOPMENT_TEAM = W5ZPF478J8;
				INFOPLIST_FILE = didikTests/Info.plist;
				IPHONEOS_DEPLOYMENT_TARGET = 14.0;
				LD_RUNPATH_SEARCH_PATHS = (
					"$(inherited)",
					"@executable_path/Frameworks",
					"@loader_path/Frameworks",
				);
				PRODUCT_BUNDLE_IDENTIFIER = com.appledeveloperacademy.didikTests;
				PRODUCT_NAME = "$(TARGET_NAME)";
				SWIFT_VERSION = 5.0;
				TARGETED_DEVICE_FAMILY = "1,2";
				TEST_HOST = "$(BUILT_PRODUCTS_DIR)/didik.app/didik";
			};
			name = Debug;
		};
		B7AB62442546AB20007E4895 /* Release */ = {
			isa = XCBuildConfiguration;
			baseConfigurationReference = B02666D119B4C50E1D3F287C /* Pods-didikTests.release.xcconfig */;
			buildSettings = {
				ALWAYS_EMBED_SWIFT_STANDARD_LIBRARIES = YES;
				BUNDLE_LOADER = "$(TEST_HOST)";
				CODE_SIGN_STYLE = Automatic;
				DEVELOPMENT_TEAM = W5ZPF478J8;
				INFOPLIST_FILE = didikTests/Info.plist;
				IPHONEOS_DEPLOYMENT_TARGET = 14.0;
				LD_RUNPATH_SEARCH_PATHS = (
					"$(inherited)",
					"@executable_path/Frameworks",
					"@loader_path/Frameworks",
				);
				PRODUCT_BUNDLE_IDENTIFIER = com.appledeveloperacademy.didikTests;
				PRODUCT_NAME = "$(TARGET_NAME)";
				SWIFT_VERSION = 5.0;
				TARGETED_DEVICE_FAMILY = "1,2";
				TEST_HOST = "$(BUILT_PRODUCTS_DIR)/didik.app/didik";
			};
			name = Release;
		};
		B7AB62462546AB20007E4895 /* Debug */ = {
			isa = XCBuildConfiguration;
			baseConfigurationReference = 14FB6C3ADA01BCDEAD79BB76 /* Pods-didik-didikUITests.debug.xcconfig */;
			buildSettings = {
				ALWAYS_EMBED_SWIFT_STANDARD_LIBRARIES = YES;
				CODE_SIGN_STYLE = Automatic;
				DEVELOPMENT_TEAM = W5ZPF478J8;
				INFOPLIST_FILE = didikUITests/Info.plist;
				LD_RUNPATH_SEARCH_PATHS = (
					"$(inherited)",
					"@executable_path/Frameworks",
					"@loader_path/Frameworks",
				);
				PRODUCT_BUNDLE_IDENTIFIER = com.appledeveloperacademy.didikUITests;
				PRODUCT_NAME = "$(TARGET_NAME)";
				SWIFT_VERSION = 5.0;
				TARGETED_DEVICE_FAMILY = "1,2";
				TEST_TARGET_NAME = didik;
			};
			name = Debug;
		};
		B7AB62472546AB20007E4895 /* Release */ = {
			isa = XCBuildConfiguration;
			baseConfigurationReference = 7B046211C7322662323E9A65 /* Pods-didik-didikUITests.release.xcconfig */;
			buildSettings = {
				ALWAYS_EMBED_SWIFT_STANDARD_LIBRARIES = YES;
				CODE_SIGN_STYLE = Automatic;
				DEVELOPMENT_TEAM = W5ZPF478J8;
				INFOPLIST_FILE = didikUITests/Info.plist;
				LD_RUNPATH_SEARCH_PATHS = (
					"$(inherited)",
					"@executable_path/Frameworks",
					"@loader_path/Frameworks",
				);
				PRODUCT_BUNDLE_IDENTIFIER = com.appledeveloperacademy.didikUITests;
				PRODUCT_NAME = "$(TARGET_NAME)";
				SWIFT_VERSION = 5.0;
				TARGETED_DEVICE_FAMILY = "1,2";
				TEST_TARGET_NAME = didik;
			};
			name = Release;
		};
/* End XCBuildConfiguration section */

/* Begin XCConfigurationList section */
		B7AB62152546AB1F007E4895 /* Build configuration list for PBXProject "didik" */ = {
			isa = XCConfigurationList;
			buildConfigurations = (
				B7AB623D2546AB20007E4895 /* Debug */,
				B7AB623E2546AB20007E4895 /* Release */,
			);
			defaultConfigurationIsVisible = 0;
			defaultConfigurationName = Release;
		};
		B7AB623F2546AB20007E4895 /* Build configuration list for PBXNativeTarget "didik" */ = {
			isa = XCConfigurationList;
			buildConfigurations = (
				B7AB62402546AB20007E4895 /* Debug */,
				B7AB62412546AB20007E4895 /* Release */,
			);
			defaultConfigurationIsVisible = 0;
			defaultConfigurationName = Release;
		};
		B7AB62422546AB20007E4895 /* Build configuration list for PBXNativeTarget "didikTests" */ = {
			isa = XCConfigurationList;
			buildConfigurations = (
				B7AB62432546AB20007E4895 /* Debug */,
				B7AB62442546AB20007E4895 /* Release */,
			);
			defaultConfigurationIsVisible = 0;
			defaultConfigurationName = Release;
		};
		B7AB62452546AB20007E4895 /* Build configuration list for PBXNativeTarget "didikUITests" */ = {
			isa = XCConfigurationList;
			buildConfigurations = (
				B7AB62462546AB20007E4895 /* Debug */,
				B7AB62472546AB20007E4895 /* Release */,
			);
			defaultConfigurationIsVisible = 0;
			defaultConfigurationName = Release;
		};
/* End XCConfigurationList section */
	};
	rootObject = B7AB62122546AB1F007E4895 /* Project object */;
}
